
Microsoft Visual Studio Solution File, Format Version 12.00
# Visual Studio 2017
Project("{FAE04EC0-301F-11D3-BF4B-00C04F79EFBC}") = "SITeXProject.Plugins", "SITeXProject.Plugins.csproj", "{A58CC721-3C8F-6968-0278-C70B69FDB6E5}"
EndProject
Project("{FAE04EC0-301F-11D3-BF4B-00C04F79EFBC}") = "SITeXProject", "SITeXProject.csproj", "{A8945F4F-87A4-85B7-2B69-617B46BE5FE2}"
EndProject
Global
	GlobalSection(SolutionConfigurationPlatforms) = preSolution
		Debug|Any CPU = Debug|Any CPU
		Release|Any CPU = Release|Any CPU
	EndGlobalSection
	GlobalSection(ProjectConfigurationPlatforms) = postSolution
		{A58CC721-3C8F-6968-0278-C70B69FDB6E5}.Debug|Any CPU.ActiveCfg = Debug|Any CPU
		{A58CC721-3C8F-6968-0278-C70B69FDB6E5}.Debug|Any CPU.Build.0 = Debug|Any CPU
		{A58CC721-3C8F-6968-0278-C70B69FDB6E5}.Release|Any CPU.ActiveCfg = Release|Any CPU
		{A58CC721-3C8F-6968-0278-C70B69FDB6E5}.Release|Any CPU.Build.0 = Release|Any CPU
		{A8945F4F-87A4-85B7-2B69-617B46BE5FE2}.Debug|Any CPU.ActiveCfg = Debug|Any CPU
		{A8945F4F-87A4-85B7-2B69-617B46BE5FE2}.Debug|Any CPU.Build.0 = Debug|Any CPU
		{A8945F4F-87A4-85B7-2B69-617B46BE5FE2}.Release|Any CPU.ActiveCfg = Release|Any CPU
		{A8945F4F-87A4-85B7-2B69-617B46BE5FE2}.Release|Any CPU.Build.0 = Release|Any CPU
	EndGlobalSection
	GlobalSection(SolutionProperties) = preSolution
		HideSolutionNode = FALSE
	EndGlobalSection
EndGlobal
